
Microsoft Visual Studio Solution File, Format Version 12.00
# Visual Studio Version 16
VisualStudioVersion = 16.0.30406.217
MinimumVisualStudioVersion = 10.0.40219.1
Project("{159641D6-6404-4A2A-AE62-294DE0FE8301}") = "IG_1920_ProjetBI_Lutgen_Philipin", "IG_1920_ProjetBI_Lutgen_Philipin\IG_1920_ProjetBI_Lutgen_Philipin.dtproj", "{3F244A57-0874-477A-A060-5C4BA3AD51C0}"
EndProject
Global
	GlobalSection(SolutionConfigurationPlatforms) = preSolution
		Azure|Default = Azure|Default
		Development|Default = Development|Default
	EndGlobalSection
	GlobalSection(ProjectConfigurationPlatforms) = postSolution
		{3F244A57-0874-477A-A060-5C4BA3AD51C0}.Azure|Default.ActiveCfg = Azure
		{3F244A57-0874-477A-A060-5C4BA3AD51C0}.Azure|Default.Build.0 = Azure
		{3F244A57-0874-477A-A060-5C4BA3AD51C0}.Development|Default.ActiveCfg = Development
		{3F244A57-0874-477A-A060-5C4BA3AD51C0}.Development|Default.Build.0 = Development
	EndGlobalSection
	GlobalSection(SolutionProperties) = preSolution
		HideSolutionNode = FALSE
	EndGlobalSection
	GlobalSection(ExtensibilityGlobals) = postSolution
		SolutionGuid = {253A2E30-9201-4869-A208-7ABD639BF0D1}
	EndGlobalSection
EndGlobal
